
Microsoft Visual Studio Solution File, Format Version 12.00
# Visual Studio Version 17
VisualStudioVersion = 17.6.33815.320
MinimumVisualStudioVersion = 10.0.40219.1
Project("{9A19103F-16F7-4668-BE54-9A1E7A4F7556}") = "03.Middleware", "03.Middleware\03.Middleware.csproj", "{51C56EDF-23E7-45CB-A04B-DA51170EDE6E}"
EndProject
Project("{FAE04EC0-301F-11D3-BF4B-00C04F79EFBC}") = "UseWhenExample", "UseWhenExample\UseWhenExample.csproj", "{BE76318D-1072-475A-9B21-4C73D12E33C4}"
EndProject
Global
	GlobalSection(SolutionConfigurationPlatforms) = preSolution
		Debug|Any CPU = Debug|Any CPU
		Release|Any CPU = Release|Any CPU
	EndGlobalSection
	GlobalSection(ProjectConfigurationPlatforms) = postSolution
		{51C56EDF-23E7-45CB-A04B-DA51170EDE6E}.Debug|Any CPU.ActiveCfg = Debug|Any CPU
		{51C56EDF-23E7-45CB-A04B-DA51170EDE6E}.Debug|Any CPU.Build.0 = Debug|Any CPU
		{51C56EDF-23E7-45CB-A04B-DA51170EDE6E}.Release|Any CPU.ActiveCfg = Release|Any CPU
		{51C56EDF-23E7-45CB-A04B-DA51170EDE6E}.Release|Any CPU.Build.0 = Release|Any CPU
		{BE76318D-1072-475A-9B21-4C73D12E33C4}.Debug|Any CPU.ActiveCfg = Debug|Any CPU
		{BE76318D-1072-475A-9B21-4C73D12E33C4}.Debug|Any CPU.Build.0 = Debug|Any CPU
		{BE76318D-1072-475A-9B21-4C73D12E33C4}.Release|Any CPU.ActiveCfg = Release|Any CPU
		{BE76318D-1072-475A-9B21-4C73D12E33C4}.Release|Any CPU.Build.0 = Release|Any CPU
	EndGlobalSection
	GlobalSection(SolutionProperties) = preSolution
		HideSolutionNode = FALSE
	EndGlobalSection
	GlobalSection(ExtensibilityGlobals) = postSolution
		SolutionGuid = {E9B373A1-56BE-4C7B-982B-19C54D450094}
	EndGlobalSection
EndGlobal
