
Microsoft Visual Studio Solution File, Format Version 12.00
# Visual Studio Version 17
VisualStudioVersion = 17.6.33815.320
MinimumVisualStudioVersion = 10.0.40219.1
Project("{9A19103F-16F7-4668-BE54-9A1E7A4F7556}") = "RoutingExamples", "RoutingExamples\RoutingExamples.csproj", "{A3BEC13F-CD9E-48B1-AC59-FB5679AA2AA9}"
EndProject
Project("{FAE04EC0-301F-11D3-BF4B-00C04F79EFBC}") = "WebRootandStaticFiles", "WebRootandStaticFiles\WebRootandStaticFiles.csproj", "{4DB3B372-8F03-46C9-8CAA-AC920966B2CD}"
EndProject
Project("{FAE04EC0-301F-11D3-BF4B-00C04F79EFBC}") = "CustomNameWwwRoot", "CustomNameWwwRoot\CustomNameWwwRoot.csproj", "{4BB314A0-61ED-40EE-B32F-21B6D92CDA14}"
EndProject
Project("{FAE04EC0-301F-11D3-BF4B-00C04F79EFBC}") = "MultipleCustomWebRootFolder", "MultipleCustomWebRootFolder\MultipleCustomWebRootFolder.csproj", "{E84C55C2-A601-491C-8412-C1CD1CF62BB8}"
EndProject
Global
	GlobalSection(SolutionConfigurationPlatforms) = preSolution
		Debug|Any CPU = Debug|Any CPU
		Release|Any CPU = Release|Any CPU
	EndGlobalSection
	GlobalSection(ProjectConfigurationPlatforms) = postSolution
		{A3BEC13F-CD9E-48B1-AC59-FB5679AA2AA9}.Debug|Any CPU.ActiveCfg = Debug|Any CPU
		{A3BEC13F-CD9E-48B1-AC59-FB5679AA2AA9}.Debug|Any CPU.Build.0 = Debug|Any CPU
		{A3BEC13F-CD9E-48B1-AC59-FB5679AA2AA9}.Release|Any CPU.ActiveCfg = Release|Any CPU
		{A3BEC13F-CD9E-48B1-AC59-FB5679AA2AA9}.Release|Any CPU.Build.0 = Release|Any CPU
		{4DB3B372-8F03-46C9-8CAA-AC920966B2CD}.Debug|Any CPU.ActiveCfg = Debug|Any CPU
		{4DB3B372-8F03-46C9-8CAA-AC920966B2CD}.Debug|Any CPU.Build.0 = Debug|Any CPU
		{4DB3B372-8F03-46C9-8CAA-AC920966B2CD}.Release|Any CPU.ActiveCfg = Release|Any CPU
		{4DB3B372-8F03-46C9-8CAA-AC920966B2CD}.Release|Any CPU.Build.0 = Release|Any CPU
		{4BB314A0-61ED-40EE-B32F-21B6D92CDA14}.Debug|Any CPU.ActiveCfg = Debug|Any CPU
		{4BB314A0-61ED-40EE-B32F-21B6D92CDA14}.Debug|Any CPU.Build.0 = Debug|Any CPU
		{4BB314A0-61ED-40EE-B32F-21B6D92CDA14}.Release|Any CPU.ActiveCfg = Release|Any CPU
		{4BB314A0-61ED-40EE-B32F-21B6D92CDA14}.Release|Any CPU.Build.0 = Release|Any CPU
		{E84C55C2-A601-491C-8412-C1CD1CF62BB8}.Debug|Any CPU.ActiveCfg = Debug|Any CPU
		{E84C55C2-A601-491C-8412-C1CD1CF62BB8}.Debug|Any CPU.Build.0 = Debug|Any CPU
		{E84C55C2-A601-491C-8412-C1CD1CF62BB8}.Release|Any CPU.ActiveCfg = Release|Any CPU
		{E84C55C2-A601-491C-8412-C1CD1CF62BB8}.Release|Any CPU.Build.0 = Release|Any CPU
	EndGlobalSection
	GlobalSection(SolutionProperties) = preSolution
		HideSolutionNode = FALSE
	EndGlobalSection
	GlobalSection(ExtensibilityGlobals) = postSolution
		SolutionGuid = {9374A1B0-6C23-4C9E-B327-71C6FEC5AAD6}
	EndGlobalSection
EndGlobal
